
Microsoft Visual Studio Solution File, Format Version 12.00
# Visual Studio Version 17
VisualStudioVersion = 17.5.33424.131
MinimumVisualStudioVersion = 10.0.40219.1
Project("{FAE04EC0-301F-11D3-BF4B-00C04F79EFBC}") = "CadastroUsuarios", "CadastroUsuarios.csproj", "{B2ABA5DD-6A74-4F2F-9558-5BB6D40CF0F7}"
EndProject
Global
	GlobalSection(SolutionConfigurationPlatforms) = preSolution
		Debug|Any CPU = Debug|Any CPU
		Release|Any CPU = Release|Any CPU
	EndGlobalSection
	GlobalSection(ProjectConfigurationPlatforms) = postSolution
		{B2ABA5DD-6A74-4F2F-9558-5BB6D40CF0F7}.Debug|Any CPU.ActiveCfg = Debug|Any CPU
		{B2ABA5DD-6A74-4F2F-9558-5BB6D40CF0F7}.Debug|Any CPU.Build.0 = Debug|Any CPU
		{B2ABA5DD-6A74-4F2F-9558-5BB6D40CF0F7}.Release|Any CPU.ActiveCfg = Release|Any CPU
		{B2ABA5DD-6A74-4F2F-9558-5BB6D40CF0F7}.Release|Any CPU.Build.0 = Release|Any CPU
	EndGlobalSection
	GlobalSection(SolutionProperties) = preSolution
		HideSolutionNode = FALSE
	EndGlobalSection
	GlobalSection(ExtensibilityGlobals) = postSolution
		SolutionGuid = {7AC8BA88-8693-4D37-926F-729311C12C22}
	EndGlobalSection
EndGlobal
